
Microsoft Visual Studio Solution File, Format Version 12.00
# Visual Studio Version 17
VisualStudioVersion = 17.0.31903.59
MinimumVisualStudioVersion = 10.0.40219.1
Project("{FAE04EC0-301F-11D3-BF4B-00C04F79EFBC}") = "MantraUML.Tests", "tests\MantraUML.Tests\MantraUML.Tests.csproj", "{C74485FA-6309-44BE-9587-827A41A2247F}"
EndProject
Project("{FAE04EC0-301F-11D3-BF4B-00C04F79EFBC}") = "MantraUML", "src\MantraUML\MantraUML.csproj", "{26D1D9A9-4B70-43D0-93C5-255E31B4AC37}"
EndProject
Global
	GlobalSection(SolutionConfigurationPlatforms) = preSolution
		Debug|Any CPU = Debug|Any CPU
		Release|Any CPU = Release|Any CPU
	EndGlobalSection
	GlobalSection(SolutionProperties) = preSolution
		HideSolutionNode = FALSE
	EndGlobalSection
	GlobalSection(ProjectConfigurationPlatforms) = postSolution
		{C74485FA-6309-44BE-9587-827A41A2247F}.Debug|Any CPU.ActiveCfg = Debug|Any CPU
		{C74485FA-6309-44BE-9587-827A41A2247F}.Debug|Any CPU.Build.0 = Debug|Any CPU
		{C74485FA-6309-44BE-9587-827A41A2247F}.Release|Any CPU.ActiveCfg = Release|Any CPU
		{C74485FA-6309-44BE-9587-827A41A2247F}.Release|Any CPU.Build.0 = Release|Any CPU
		{26D1D9A9-4B70-43D0-93C5-255E31B4AC37}.Debug|Any CPU.ActiveCfg = Debug|Any CPU
		{26D1D9A9-4B70-43D0-93C5-255E31B4AC37}.Debug|Any CPU.Build.0 = Debug|Any CPU
		{26D1D9A9-4B70-43D0-93C5-255E31B4AC37}.Release|Any CPU.ActiveCfg = Release|Any CPU
		{26D1D9A9-4B70-43D0-93C5-255E31B4AC37}.Release|Any CPU.Build.0 = Release|Any CPU
	EndGlobalSection
EndGlobal
